
Microsoft Visual Studio Solution File, Format Version 12.00
# Visual Studio Version 17
VisualStudioVersion = 17.9.34728.123
MinimumVisualStudioVersion = 10.0.40219.1
Project("{9A19103F-16F7-4668-BE54-9A1E7A4F7556}") = "ShareOfMarket", "ShareOfMarket\ShareOfMarket.csproj", "{93A7F8D1-83AF-4344-A4A1-F971B0B24C98}"
EndProject
Project("{9A19103F-16F7-4668-BE54-9A1E7A4F7556}") = "PriceFluctuation", "PriceFluctuation\PriceFluctuation.csproj", "{9E35BDD3-F4B3-4259-AE43-2830E9334421}"
EndProject
Project("{FAE04EC0-301F-11D3-BF4B-00C04F79EFBC}") = "ProfitablePerson", "ProfitablePerson\ProfitablePerson.csproj", "{C12E71AB-C6AD-48E8-830F-B7E4591DB40C}"
EndProject
Project("{FAE04EC0-301F-11D3-BF4B-00C04F79EFBC}") = "ProfitAndLoss", "ProfitAndLoss\ProfitAndLoss.csproj", "{16223D62-2352-4061-8A3E-120652AD4C03}"
EndProject
Project("{FAE04EC0-301F-11D3-BF4B-00C04F79EFBC}") = "GoldForecast", "GoldForecast\GoldForecast.csproj", "{E22E18CA-B120-4E59-8537-4CEAD21FCBEB}"
EndProject
Global
	GlobalSection(SolutionConfigurationPlatforms) = preSolution
		Debug|Any CPU = Debug|Any CPU
		Release|Any CPU = Release|Any CPU
	EndGlobalSection
	GlobalSection(ProjectConfigurationPlatforms) = postSolution
		{93A7F8D1-83AF-4344-A4A1-F971B0B24C98}.Debug|Any CPU.ActiveCfg = Debug|Any CPU
		{93A7F8D1-83AF-4344-A4A1-F971B0B24C98}.Debug|Any CPU.Build.0 = Debug|Any CPU
		{93A7F8D1-83AF-4344-A4A1-F971B0B24C98}.Release|Any CPU.ActiveCfg = Release|Any CPU
		{93A7F8D1-83AF-4344-A4A1-F971B0B24C98}.Release|Any CPU.Build.0 = Release|Any CPU
		{9E35BDD3-F4B3-4259-AE43-2830E9334421}.Debug|Any CPU.ActiveCfg = Debug|Any CPU
		{9E35BDD3-F4B3-4259-AE43-2830E9334421}.Debug|Any CPU.Build.0 = Debug|Any CPU
		{9E35BDD3-F4B3-4259-AE43-2830E9334421}.Release|Any CPU.ActiveCfg = Release|Any CPU
		{9E35BDD3-F4B3-4259-AE43-2830E9334421}.Release|Any CPU.Build.0 = Release|Any CPU
		{C12E71AB-C6AD-48E8-830F-B7E4591DB40C}.Debug|Any CPU.ActiveCfg = Debug|Any CPU
		{C12E71AB-C6AD-48E8-830F-B7E4591DB40C}.Debug|Any CPU.Build.0 = Debug|Any CPU
		{C12E71AB-C6AD-48E8-830F-B7E4591DB40C}.Release|Any CPU.ActiveCfg = Release|Any CPU
		{C12E71AB-C6AD-48E8-830F-B7E4591DB40C}.Release|Any CPU.Build.0 = Release|Any CPU
		{16223D62-2352-4061-8A3E-120652AD4C03}.Debug|Any CPU.ActiveCfg = Debug|Any CPU
		{16223D62-2352-4061-8A3E-120652AD4C03}.Debug|Any CPU.Build.0 = Debug|Any CPU
		{16223D62-2352-4061-8A3E-120652AD4C03}.Release|Any CPU.ActiveCfg = Release|Any CPU
		{16223D62-2352-4061-8A3E-120652AD4C03}.Release|Any CPU.Build.0 = Release|Any CPU
		{E22E18CA-B120-4E59-8537-4CEAD21FCBEB}.Debug|Any CPU.ActiveCfg = Debug|Any CPU
		{E22E18CA-B120-4E59-8537-4CEAD21FCBEB}.Debug|Any CPU.Build.0 = Debug|Any CPU
		{E22E18CA-B120-4E59-8537-4CEAD21FCBEB}.Release|Any CPU.ActiveCfg = Release|Any CPU
		{E22E18CA-B120-4E59-8537-4CEAD21FCBEB}.Release|Any CPU.Build.0 = Release|Any CPU
	EndGlobalSection
	GlobalSection(SolutionProperties) = preSolution
		HideSolutionNode = FALSE
	EndGlobalSection
	GlobalSection(ExtensibilityGlobals) = postSolution
		SolutionGuid = {D23405BE-37D1-4CB1-B22E-57281807DE0C}
	EndGlobalSection
EndGlobal
